
Microsoft Visual Studio Solution File, Format Version 12.00
# Visual Studio 15
VisualStudioVersion = 15.0.27130.2036
MinimumVisualStudioVersion = 10.0.40219.1
Project("{FAE04EC0-301F-11D3-BF4B-00C04F79EFBC}") = "Blah.Android", "Blah\Blah.Android\Blah.Android.csproj", "{A0D3ED25-26E9-432C-998B-67DAEA24A16A}"
EndProject
Project("{FAE04EC0-301F-11D3-BF4B-00C04F79EFBC}") = "Blah.iOS", "Blah\Blah.iOS\Blah.iOS.csproj", "{4D9AA71B-6E0A-4598-8316-97C8C64272D0}"
EndProject
Project("{D954291E-2A0B-460D-934E-DC6B0785DB48}") = "Blah", "Blah\Blah\Blah.shproj", "{E3E1EB0A-0F02-4164-AE52-BA909F67829B}"
EndProject
Project("{FAE04EC0-301F-11D3-BF4B-00C04F79EFBC}") = "Project.Server", "Project.Server\Project.Server.csproj", "{BADCBBA2-4420-4E8E-8068-921BC2A7A2CC}"
EndProject
Global
	GlobalSection(SharedMSBuildProjectFiles) = preSolution
		Blah\Blah\Blah.projitems*{4d9aa71b-6e0a-4598-8316-97c8c64272d0}*SharedItemsImports = 4
		Blah\Blah\Blah.projitems*{a0d3ed25-26e9-432c-998b-67daea24a16a}*SharedItemsImports = 4
		Blah\Blah\Blah.projitems*{e3e1eb0a-0f02-4164-ae52-ba909f67829b}*SharedItemsImports = 13
	EndGlobalSection
	GlobalSection(SolutionConfigurationPlatforms) = preSolution
		Ad-Hoc|Any CPU = Ad-Hoc|Any CPU
		Ad-Hoc|ARM = Ad-Hoc|ARM
		Ad-Hoc|iPhone = Ad-Hoc|iPhone
		Ad-Hoc|iPhoneSimulator = Ad-Hoc|iPhoneSimulator
		Ad-Hoc|x64 = Ad-Hoc|x64
		Ad-Hoc|x86 = Ad-Hoc|x86
		AppStore|Any CPU = AppStore|Any CPU
		AppStore|ARM = AppStore|ARM
		AppStore|iPhone = AppStore|iPhone
		AppStore|iPhoneSimulator = AppStore|iPhoneSimulator
		AppStore|x64 = AppStore|x64
		AppStore|x86 = AppStore|x86
		ChromeExtension|Any CPU = ChromeExtension|Any CPU
		ChromeExtension|ARM = ChromeExtension|ARM
		ChromeExtension|iPhone = ChromeExtension|iPhone
		ChromeExtension|iPhoneSimulator = ChromeExtension|iPhoneSimulator
		ChromeExtension|x64 = ChromeExtension|x64
		ChromeExtension|x86 = ChromeExtension|x86
		Debug|Any CPU = Debug|Any CPU
		Debug|ARM = Debug|ARM
		Debug|iPhone = Debug|iPhone
		Debug|iPhoneSimulator = Debug|iPhoneSimulator
		Debug|x64 = Debug|x64
		Debug|x86 = Debug|x86
		Development|Any CPU = Development|Any CPU
		Development|ARM = Development|ARM
		Development|iPhone = Development|iPhone
		Development|iPhoneSimulator = Development|iPhoneSimulator
		Development|x64 = Development|x64
		Development|x86 = Development|x86
		Release|Any CPU = Release|Any CPU
		Release|ARM = Release|ARM
		Release|iPhone = Release|iPhone
		Release|iPhoneSimulator = Release|iPhoneSimulator
		Release|x64 = Release|x64
		Release|x86 = Release|x86
	EndGlobalSection
	GlobalSection(ProjectConfigurationPlatforms) = postSolution
		{A0D3ED25-26E9-432C-998B-67DAEA24A16A}.Ad-Hoc|Any CPU.ActiveCfg = Release|Any CPU
		{A0D3ED25-26E9-432C-998B-67DAEA24A16A}.Ad-Hoc|Any CPU.Build.0 = Release|Any CPU
		{A0D3ED25-26E9-432C-998B-67DAEA24A16A}.Ad-Hoc|Any CPU.Deploy.0 = Release|Any CPU
		{A0D3ED25-26E9-432C-998B-67DAEA24A16A}.Ad-Hoc|ARM.ActiveCfg = Release|Any CPU
		{A0D3ED25-26E9-432C-998B-67DAEA24A16A}.Ad-Hoc|ARM.Build.0 = Release|Any CPU
		{A0D3ED25-26E9-432C-998B-67DAEA24A16A}.Ad-Hoc|ARM.Deploy.0 = Release|Any CPU
		{A0D3ED25-26E9-432C-998B-67DAEA24A16A}.Ad-Hoc|iPhone.ActiveCfg = Release|Any CPU
		{A0D3ED25-26E9-432C-998B-67DAEA24A16A}.Ad-Hoc|iPhone.Build.0 = Release|Any CPU
		{A0D3ED25-26E9-432C-998B-67DAEA24A16A}.Ad-Hoc|iPhone.Deploy.0 = Release|Any CPU
		{A0D3ED25-26E9-432C-998B-67DAEA24A16A}.Ad-Hoc|iPhoneSimulator.ActiveCfg = Release|Any CPU
		{A0D3ED25-26E9-432C-998B-67DAEA24A16A}.Ad-Hoc|iPhoneSimulator.Build.0 = Release|Any CPU
		{A0D3ED25-26E9-432C-998B-67DAEA24A16A}.Ad-Hoc|iPhoneSimulator.Deploy.0 = Release|Any CPU
		{A0D3ED25-26E9-432C-998B-67DAEA24A16A}.Ad-Hoc|x64.ActiveCfg = Release|Any CPU
		{A0D3ED25-26E9-432C-998B-67DAEA24A16A}.Ad-Hoc|x64.Build.0 = Release|Any CPU
		{A0D3ED25-26E9-432C-998B-67DAEA24A16A}.Ad-Hoc|x64.Deploy.0 = Release|Any CPU
		{A0D3ED25-26E9-432C-998B-67DAEA24A16A}.Ad-Hoc|x86.ActiveCfg = Release|Any CPU
		{A0D3ED25-26E9-432C-998B-67DAEA24A16A}.Ad-Hoc|x86.Build.0 = Release|Any CPU
		{A0D3ED25-26E9-432C-998B-67DAEA24A16A}.Ad-Hoc|x86.Deploy.0 = Release|Any CPU
		{A0D3ED25-26E9-432C-998B-67DAEA24A16A}.AppStore|Any CPU.ActiveCfg = Release|Any CPU
		{A0D3ED25-26E9-432C-998B-67DAEA24A16A}.AppStore|Any CPU.Build.0 = Release|Any CPU
		{A0D3ED25-26E9-432C-998B-67DAEA24A16A}.AppStore|Any CPU.Deploy.0 = Release|Any CPU
		{A0D3ED25-26E9-432C-998B-67DAEA24A16A}.AppStore|ARM.ActiveCfg = Release|Any CPU
		{A0D3ED25-26E9-432C-998B-67DAEA24A16A}.AppStore|ARM.Build.0 = Release|Any CPU
		{A0D3ED25-26E9-432C-998B-67DAEA24A16A}.AppStore|ARM.Deploy.0 = Release|Any CPU
		{A0D3ED25-26E9-432C-998B-67DAEA24A16A}.AppStore|iPhone.ActiveCfg = Release|Any CPU
		{A0D3ED25-26E9-432C-998B-67DAEA24A16A}.AppStore|iPhone.Build.0 = Release|Any CPU
		{A0D3ED25-26E9-432C-998B-67DAEA24A16A}.AppStore|iPhone.Deploy.0 = Release|Any CPU
		{A0D3ED25-26E9-432C-998B-67DAEA24A16A}.AppStore|iPhoneSimulator.ActiveCfg = Release|Any CPU
		{A0D3ED25-26E9-432C-998B-67DAEA24A16A}.AppStore|iPhoneSimulator.Build.0 = Release|Any CPU
		{A0D3ED25-26E9-432C-998B-67DAEA24A16A}.AppStore|iPhoneSimulator.Deploy.0 = Release|Any CPU
		{A0D3ED25-26E9-432C-998B-67DAEA24A16A}.AppStore|x64.ActiveCfg = Release|Any CPU
		{A0D3ED25-26E9-432C-998B-67DAEA24A16A}.AppStore|x64.Build.0 = Release|Any CPU
		{A0D3ED25-26E9-432C-998B-67DAEA24A16A}.AppStore|x64.Deploy.0 = Release|Any CPU
		{A0D3ED25-26E9-432C-998B-67DAEA24A16A}.AppStore|x86.ActiveCfg = Release|Any CPU
		{A0D3ED25-26E9-432C-998B-67DAEA24A16A}.AppStore|x86.Build.0 = Release|Any CPU
		{A0D3ED25-26E9-432C-998B-67DAEA24A16A}.AppStore|x86.Deploy.0 = Release|Any CPU
		{A0D3ED25-26E9-432C-998B-67DAEA24A16A}.ChromeExtension|Any CPU.ActiveCfg = Debug|Any CPU
		{A0D3ED25-26E9-432C-998B-67DAEA24A16A}.ChromeExtension|Any CPU.Build.0 = Debug|Any CPU
		{A0D3ED25-26E9-432C-998B-67DAEA24A16A}.ChromeExtension|Any CPU.Deploy.0 = Debug|Any CPU
		{A0D3ED25-26E9-432C-998B-67DAEA24A16A}.ChromeExtension|ARM.ActiveCfg = Debug|Any CPU
		{A0D3ED25-26E9-432C-998B-67DAEA24A16A}.ChromeExtension|ARM.Build.0 = Debug|Any CPU
		{A0D3ED25-26E9-432C-998B-67DAEA24A16A}.ChromeExtension|ARM.Deploy.0 = Debug|Any CPU
		{A0D3ED25-26E9-432C-998B-67DAEA24A16A}.ChromeExtension|iPhone.ActiveCfg = Debug|Any CPU
		{A0D3ED25-26E9-432C-998B-67DAEA24A16A}.ChromeExtension|iPhone.Build.0 = Debug|Any CPU
		{A0D3ED25-26E9-432C-998B-67DAEA24A16A}.ChromeExtension|iPhone.Deploy.0 = Debug|Any CPU
		{A0D3ED25-26E9-432C-998B-67DAEA24A16A}.ChromeExtension|iPhoneSimulator.ActiveCfg = Debug|Any CPU
		{A0D3ED25-26E9-432C-998B-67DAEA24A16A}.ChromeExtension|iPhoneSimulator.Build.0 = Debug|Any CPU
		{A0D3ED25-26E9-432C-998B-67DAEA24A16A}.ChromeExtension|iPhoneSimulator.Deploy.0 = Debug|Any CPU
		{A0D3ED25-26E9-432C-998B-67DAEA24A16A}.ChromeExtension|x64.ActiveCfg = Debug|Any CPU
		{A0D3ED25-26E9-432C-998B-67DAEA24A16A}.ChromeExtension|x64.Build.0 = Debug|Any CPU
		{A0D3ED25-26E9-432C-998B-67DAEA24A16A}.ChromeExtension|x64.Deploy.0 = Debug|Any CPU
		{A0D3ED25-26E9-432C-998B-67DAEA24A16A}.ChromeExtension|x86.ActiveCfg = Debug|Any CPU
		{A0D3ED25-26E9-432C-998B-67DAEA24A16A}.ChromeExtension|x86.Build.0 = Debug|Any CPU
		{A0D3ED25-26E9-432C-998B-67DAEA24A16A}.ChromeExtension|x86.Deploy.0 = Debug|Any CPU
		{A0D3ED25-26E9-432C-998B-67DAEA24A16A}.Debug|Any CPU.ActiveCfg = Debug|Any CPU
		{A0D3ED25-26E9-432C-998B-67DAEA24A16A}.Debug|Any CPU.Build.0 = Debug|Any CPU
		{A0D3ED25-26E9-432C-998B-67DAEA24A16A}.Debug|Any CPU.Deploy.0 = Debug|Any CPU
		{A0D3ED25-26E9-432C-998B-67DAEA24A16A}.Debug|ARM.ActiveCfg = Debug|Any CPU
		{A0D3ED25-26E9-432C-998B-67DAEA24A16A}.Debug|ARM.Build.0 = Debug|Any CPU
		{A0D3ED25-26E9-432C-998B-67DAEA24A16A}.Debug|ARM.Deploy.0 = Debug|Any CPU
		{A0D3ED25-26E9-432C-998B-67DAEA24A16A}.Debug|iPhone.ActiveCfg = Debug|Any CPU
		{A0D3ED25-26E9-432C-998B-67DAEA24A16A}.Debug|iPhone.Build.0 = Debug|Any CPU
		{A0D3ED25-26E9-432C-998B-67DAEA24A16A}.Debug|iPhone.Deploy.0 = Debug|Any CPU
		{A0D3ED25-26E9-432C-998B-67DAEA24A16A}.Debug|iPhoneSimulator.ActiveCfg = Debug|Any CPU
		{A0D3ED25-26E9-432C-998B-67DAEA24A16A}.Debug|iPhoneSimulator.Build.0 = Debug|Any CPU
		{A0D3ED25-26E9-432C-998B-67DAEA24A16A}.Debug|iPhoneSimulator.Deploy.0 = Debug|Any CPU
		{A0D3ED25-26E9-432C-998B-67DAEA24A16A}.Debug|x64.ActiveCfg = Debug|Any CPU
		{A0D3ED25-26E9-432C-998B-67DAEA24A16A}.Debug|x64.Build.0 = Debug|Any CPU
		{A0D3ED25-26E9-432C-998B-67DAEA24A16A}.Debug|x64.Deploy.0 = Debug|Any CPU
		{A0D3ED25-26E9-432C-998B-67DAEA24A16A}.Debug|x86.ActiveCfg = Debug|Any CPU
		{A0D3ED25-26E9-432C-998B-67DAEA24A16A}.Debug|x86.Build.0 = Debug|Any CPU
		{A0D3ED25-26E9-432C-998B-67DAEA24A16A}.Debug|x86.Deploy.0 = Debug|Any CPU
		{A0D3ED25-26E9-432C-998B-67DAEA24A16A}.Development|Any CPU.ActiveCfg = Debug|Any CPU
		{A0D3ED25-26E9-432C-998B-67DAEA24A16A}.Development|Any CPU.Build.0 = Debug|Any CPU
		{A0D3ED25-26E9-432C-998B-67DAEA24A16A}.Development|Any CPU.Deploy.0 = Debug|Any CPU
		{A0D3ED25-26E9-432C-998B-67DAEA24A16A}.Development|ARM.ActiveCfg = Debug|Any CPU
		{A0D3ED25-26E9-432C-998B-67DAEA24A16A}.Development|ARM.Build.0 = Debug|Any CPU
		{A0D3ED25-26E9-432C-998B-67DAEA24A16A}.Development|ARM.Deploy.0 = Debug|Any CPU
		{A0D3ED25-26E9-432C-998B-67DAEA24A16A}.Development|iPhone.ActiveCfg = Debug|Any CPU
		{A0D3ED25-26E9-432C-998B-67DAEA24A16A}.Development|iPhone.Build.0 = Debug|Any CPU
		{A0D3ED25-26E9-432C-998B-67DAEA24A16A}.Development|iPhone.Deploy.0 = Debug|Any CPU
		{A0D3ED25-26E9-432C-998B-67DAEA24A16A}.Development|iPhoneSimulator.ActiveCfg = Debug|Any CPU
		{A0D3ED25-26E9-432C-998B-67DAEA24A16A}.Development|iPhoneSimulator.Build.0 = Debug|Any CPU
		{A0D3ED25-26E9-432C-998B-67DAEA24A16A}.Development|iPhoneSimulator.Deploy.0 = Debug|Any CPU
		{A0D3ED25-26E9-432C-998B-67DAEA24A16A}.Development|x64.ActiveCfg = Debug|Any CPU
		{A0D3ED25-26E9-432C-998B-67DAEA24A16A}.Development|x64.Build.0 = Debug|Any CPU
		{A0D3ED25-26E9-432C-998B-67DAEA24A16A}.Development|x64.Deploy.0 = Debug|Any CPU
		{A0D3ED25-26E9-432C-998B-67DAEA24A16A}.Development|x86.ActiveCfg = Debug|Any CPU
		{A0D3ED25-26E9-432C-998B-67DAEA24A16A}.Development|x86.Build.0 = Debug|Any CPU
		{A0D3ED25-26E9-432C-998B-67DAEA24A16A}.Development|x86.Deploy.0 = Debug|Any CPU
		{A0D3ED25-26E9-432C-998B-67DAEA24A16A}.Release|Any CPU.ActiveCfg = Release|Any CPU
		{A0D3ED25-26E9-432C-998B-67DAEA24A16A}.Release|Any CPU.Build.0 = Release|Any CPU
		{A0D3ED25-26E9-432C-998B-67DAEA24A16A}.Release|Any CPU.Deploy.0 = Release|Any CPU
		{A0D3ED25-26E9-432C-998B-67DAEA24A16A}.Release|ARM.ActiveCfg = Release|Any CPU
		{A0D3ED25-26E9-432C-998B-67DAEA24A16A}.Release|ARM.Build.0 = Release|Any CPU
		{A0D3ED25-26E9-432C-998B-67DAEA24A16A}.Release|ARM.Deploy.0 = Release|Any CPU
		{A0D3ED25-26E9-432C-998B-67DAEA24A16A}.Release|iPhone.ActiveCfg = Release|Any CPU
		{A0D3ED25-26E9-432C-998B-67DAEA24A16A}.Release|iPhone.Build.0 = Release|Any CPU
		{A0D3ED25-26E9-432C-998B-67DAEA24A16A}.Release|iPhone.Deploy.0 = Release|Any CPU
		{A0D3ED25-26E9-432C-998B-67DAEA24A16A}.Release|iPhoneSimulator.ActiveCfg = Release|Any CPU
		{A0D3ED25-26E9-432C-998B-67DAEA24A16A}.Release|iPhoneSimulator.Build.0 = Release|Any CPU
		{A0D3ED25-26E9-432C-998B-67DAEA24A16A}.Release|iPhoneSimulator.Deploy.0 = Release|Any CPU
		{A0D3ED25-26E9-432C-998B-67DAEA24A16A}.Release|x64.ActiveCfg = Release|Any CPU
		{A0D3ED25-26E9-432C-998B-67DAEA24A16A}.Release|x64.Build.0 = Release|Any CPU
		{A0D3ED25-26E9-432C-998B-67DAEA24A16A}.Release|x64.Deploy.0 = Release|Any CPU
		{A0D3ED25-26E9-432C-998B-67DAEA24A16A}.Release|x86.ActiveCfg = Release|Any CPU
		{A0D3ED25-26E9-432C-998B-67DAEA24A16A}.Release|x86.Build.0 = Release|Any CPU
		{A0D3ED25-26E9-432C-998B-67DAEA24A16A}.Release|x86.Deploy.0 = Release|Any CPU
		{4D9AA71B-6E0A-4598-8316-97C8C64272D0}.Ad-Hoc|Any CPU.ActiveCfg = Ad-Hoc|iPhone
		{4D9AA71B-6E0A-4598-8316-97C8C64272D0}.Ad-Hoc|ARM.ActiveCfg = Ad-Hoc|iPhone
		{4D9AA71B-6E0A-4598-8316-97C8C64272D0}.Ad-Hoc|iPhone.ActiveCfg = Ad-Hoc|iPhone
		{4D9AA71B-6E0A-4598-8316-97C8C64272D0}.Ad-Hoc|iPhone.Build.0 = Ad-Hoc|iPhone
		{4D9AA71B-6E0A-4598-8316-97C8C64272D0}.Ad-Hoc|iPhoneSimulator.ActiveCfg = Ad-Hoc|iPhoneSimulator
		{4D9AA71B-6E0A-4598-8316-97C8C64272D0}.Ad-Hoc|iPhoneSimulator.Build.0 = Ad-Hoc|iPhoneSimulator
		{4D9AA71B-6E0A-4598-8316-97C8C64272D0}.Ad-Hoc|x64.ActiveCfg = Ad-Hoc|iPhone
		{4D9AA71B-6E0A-4598-8316-97C8C64272D0}.Ad-Hoc|x86.ActiveCfg = Ad-Hoc|iPhone
		{4D9AA71B-6E0A-4598-8316-97C8C64272D0}.AppStore|Any CPU.ActiveCfg = AppStore|iPhone
		{4D9AA71B-6E0A-4598-8316-97C8C64272D0}.AppStore|ARM.ActiveCfg = AppStore|iPhone
		{4D9AA71B-6E0A-4598-8316-97C8C64272D0}.AppStore|iPhone.ActiveCfg = AppStore|iPhone
		{4D9AA71B-6E0A-4598-8316-97C8C64272D0}.AppStore|iPhone.Build.0 = AppStore|iPhone
		{4D9AA71B-6E0A-4598-8316-97C8C64272D0}.AppStore|iPhoneSimulator.ActiveCfg = AppStore|iPhoneSimulator
		{4D9AA71B-6E0A-4598-8316-97C8C64272D0}.AppStore|iPhoneSimulator.Build.0 = AppStore|iPhoneSimulator
		{4D9AA71B-6E0A-4598-8316-97C8C64272D0}.AppStore|x64.ActiveCfg = AppStore|iPhone
		{4D9AA71B-6E0A-4598-8316-97C8C64272D0}.AppStore|x86.ActiveCfg = AppStore|iPhone
		{4D9AA71B-6E0A-4598-8316-97C8C64272D0}.ChromeExtension|Any CPU.ActiveCfg = Release|iPhoneSimulator
		{4D9AA71B-6E0A-4598-8316-97C8C64272D0}.ChromeExtension|Any CPU.Build.0 = Release|iPhoneSimulator
		{4D9AA71B-6E0A-4598-8316-97C8C64272D0}.ChromeExtension|ARM.ActiveCfg = Release|iPhoneSimulator
		{4D9AA71B-6E0A-4598-8316-97C8C64272D0}.ChromeExtension|ARM.Build.0 = Release|iPhoneSimulator
		{4D9AA71B-6E0A-4598-8316-97C8C64272D0}.ChromeExtension|iPhone.ActiveCfg = Release|iPhone
		{4D9AA71B-6E0A-4598-8316-97C8C64272D0}.ChromeExtension|iPhone.Build.0 = Release|iPhone
		{4D9AA71B-6E0A-4598-8316-97C8C64272D0}.ChromeExtension|iPhoneSimulator.ActiveCfg = Release|iPhoneSimulator
		{4D9AA71B-6E0A-4598-8316-97C8C64272D0}.ChromeExtension|iPhoneSimulator.Build.0 = Release|iPhoneSimulator
		{4D9AA71B-6E0A-4598-8316-97C8C64272D0}.ChromeExtension|x64.ActiveCfg = Release|iPhoneSimulator
		{4D9AA71B-6E0A-4598-8316-97C8C64272D0}.ChromeExtension|x64.Build.0 = Release|iPhoneSimulator
		{4D9AA71B-6E0A-4598-8316-97C8C64272D0}.ChromeExtension|x86.ActiveCfg = Release|iPhoneSimulator
		{4D9AA71B-6E0A-4598-8316-97C8C64272D0}.ChromeExtension|x86.Build.0 = Release|iPhoneSimulator
		{4D9AA71B-6E0A-4598-8316-97C8C64272D0}.Debug|Any CPU.ActiveCfg = Debug|iPhone
		{4D9AA71B-6E0A-4598-8316-97C8C64272D0}.Debug|ARM.ActiveCfg = Debug|iPhone
		{4D9AA71B-6E0A-4598-8316-97C8C64272D0}.Debug|iPhone.ActiveCfg = Debug|iPhone
		{4D9AA71B-6E0A-4598-8316-97C8C64272D0}.Debug|iPhone.Build.0 = Debug|iPhone
		{4D9AA71B-6E0A-4598-8316-97C8C64272D0}.Debug|iPhoneSimulator.ActiveCfg = Debug|iPhoneSimulator
		{4D9AA71B-6E0A-4598-8316-97C8C64272D0}.Debug|iPhoneSimulator.Build.0 = Debug|iPhoneSimulator
		{4D9AA71B-6E0A-4598-8316-97C8C64272D0}.Debug|x64.ActiveCfg = Debug|iPhone
		{4D9AA71B-6E0A-4598-8316-97C8C64272D0}.Debug|x86.ActiveCfg = Debug|iPhone
		{4D9AA71B-6E0A-4598-8316-97C8C64272D0}.Development|Any CPU.ActiveCfg = Release|iPhoneSimulator
		{4D9AA71B-6E0A-4598-8316-97C8C64272D0}.Development|Any CPU.Build.0 = Release|iPhoneSimulator
		{4D9AA71B-6E0A-4598-8316-97C8C64272D0}.Development|ARM.ActiveCfg = Release|iPhoneSimulator
		{4D9AA71B-6E0A-4598-8316-97C8C64272D0}.Development|ARM.Build.0 = Release|iPhoneSimulator
		{4D9AA71B-6E0A-4598-8316-97C8C64272D0}.Development|iPhone.ActiveCfg = Debug|iPhone
		{4D9AA71B-6E0A-4598-8316-97C8C64272D0}.Development|iPhone.Build.0 = Debug|iPhone
		{4D9AA71B-6E0A-4598-8316-97C8C64272D0}.Development|iPhoneSimulator.ActiveCfg = Debug|iPhoneSimulator
		{4D9AA71B-6E0A-4598-8316-97C8C64272D0}.Development|iPhoneSimulator.Build.0 = Debug|iPhoneSimulator
		{4D9AA71B-6E0A-4598-8316-97C8C64272D0}.Development|x64.ActiveCfg = Release|iPhoneSimulator
		{4D9AA71B-6E0A-4598-8316-97C8C64272D0}.Development|x64.Build.0 = Release|iPhoneSimulator
		{4D9AA71B-6E0A-4598-8316-97C8C64272D0}.Development|x86.ActiveCfg = Release|iPhoneSimulator
		{4D9AA71B-6E0A-4598-8316-97C8C64272D0}.Development|x86.Build.0 = Release|iPhoneSimulator
		{4D9AA71B-6E0A-4598-8316-97C8C64272D0}.Release|Any CPU.ActiveCfg = Release|iPhone
		{4D9AA71B-6E0A-4598-8316-97C8C64272D0}.Release|ARM.ActiveCfg = Release|iPhone
		{4D9AA71B-6E0A-4598-8316-97C8C64272D0}.Release|iPhone.ActiveCfg = Release|iPhone
		{4D9AA71B-6E0A-4598-8316-97C8C64272D0}.Release|iPhone.Build.0 = Release|iPhone
		{4D9AA71B-6E0A-4598-8316-97C8C64272D0}.Release|iPhoneSimulator.ActiveCfg = Release|iPhoneSimulator
		{4D9AA71B-6E0A-4598-8316-97C8C64272D0}.Release|iPhoneSimulator.Build.0 = Release|iPhoneSimulator
		{4D9AA71B-6E0A-4598-8316-97C8C64272D0}.Release|x64.ActiveCfg = Release|iPhone
		{4D9AA71B-6E0A-4598-8316-97C8C64272D0}.Release|x86.ActiveCfg = Release|iPhone
		{BADCBBA2-4420-4E8E-8068-921BC2A7A2CC}.Ad-Hoc|Any CPU.ActiveCfg = Release|Any CPU
		{BADCBBA2-4420-4E8E-8068-921BC2A7A2CC}.Ad-Hoc|Any CPU.Build.0 = Release|Any CPU
		{BADCBBA2-4420-4E8E-8068-921BC2A7A2CC}.Ad-Hoc|ARM.ActiveCfg = Release|Any CPU
		{BADCBBA2-4420-4E8E-8068-921BC2A7A2CC}.Ad-Hoc|ARM.Build.0 = Release|Any CPU
		{BADCBBA2-4420-4E8E-8068-921BC2A7A2CC}.Ad-Hoc|iPhone.ActiveCfg = Release|Any CPU
		{BADCBBA2-4420-4E8E-8068-921BC2A7A2CC}.Ad-Hoc|iPhone.Build.0 = Release|Any CPU
		{BADCBBA2-4420-4E8E-8068-921BC2A7A2CC}.Ad-Hoc|iPhoneSimulator.ActiveCfg = Release|Any CPU
		{BADCBBA2-4420-4E8E-8068-921BC2A7A2CC}.Ad-Hoc|iPhoneSimulator.Build.0 = Release|Any CPU
		{BADCBBA2-4420-4E8E-8068-921BC2A7A2CC}.Ad-Hoc|x64.ActiveCfg = Release|Any CPU
		{BADCBBA2-4420-4E8E-8068-921BC2A7A2CC}.Ad-Hoc|x64.Build.0 = Release|Any CPU
		{BADCBBA2-4420-4E8E-8068-921BC2A7A2CC}.Ad-Hoc|x86.ActiveCfg = Release|Any CPU
		{BADCBBA2-4420-4E8E-8068-921BC2A7A2CC}.Ad-Hoc|x86.Build.0 = Release|Any CPU
		{BADCBBA2-4420-4E8E-8068-921BC2A7A2CC}.AppStore|Any CPU.ActiveCfg = Release|Any CPU
		{BADCBBA2-4420-4E8E-8068-921BC2A7A2CC}.AppStore|Any CPU.Build.0 = Release|Any CPU
		{BADCBBA2-4420-4E8E-8068-921BC2A7A2CC}.AppStore|ARM.ActiveCfg = Release|Any CPU
		{BADCBBA2-4420-4E8E-8068-921BC2A7A2CC}.AppStore|ARM.Build.0 = Release|Any CPU
		{BADCBBA2-4420-4E8E-8068-921BC2A7A2CC}.AppStore|iPhone.ActiveCfg = Release|Any CPU
		{BADCBBA2-4420-4E8E-8068-921BC2A7A2CC}.AppStore|iPhone.Build.0 = Release|Any CPU
		{BADCBBA2-4420-4E8E-8068-921BC2A7A2CC}.AppStore|iPhoneSimulator.ActiveCfg = Release|Any CPU
		{BADCBBA2-4420-4E8E-8068-921BC2A7A2CC}.AppStore|iPhoneSimulator.Build.0 = Release|Any CPU
		{BADCBBA2-4420-4E8E-8068-921BC2A7A2CC}.AppStore|x64.ActiveCfg = Release|Any CPU
		{BADCBBA2-4420-4E8E-8068-921BC2A7A2CC}.AppStore|x64.Build.0 = Release|Any CPU
		{BADCBBA2-4420-4E8E-8068-921BC2A7A2CC}.AppStore|x86.ActiveCfg = Release|Any CPU
		{BADCBBA2-4420-4E8E-8068-921BC2A7A2CC}.AppStore|x86.Build.0 = Release|Any CPU
		{BADCBBA2-4420-4E8E-8068-921BC2A7A2CC}.ChromeExtension|Any CPU.ActiveCfg = Release|Any CPU
		{BADCBBA2-4420-4E8E-8068-921BC2A7A2CC}.ChromeExtension|Any CPU.Build.0 = Release|Any CPU
		{BADCBBA2-4420-4E8E-8068-921BC2A7A2CC}.ChromeExtension|ARM.ActiveCfg = Release|Any CPU
		{BADCBBA2-4420-4E8E-8068-921BC2A7A2CC}.ChromeExtension|ARM.Build.0 = Release|Any CPU
		{BADCBBA2-4420-4E8E-8068-921BC2A7A2CC}.ChromeExtension|iPhone.ActiveCfg = Release|Any CPU
		{BADCBBA2-4420-4E8E-8068-921BC2A7A2CC}.ChromeExtension|iPhone.Build.0 = Release|Any CPU
		{BADCBBA2-4420-4E8E-8068-921BC2A7A2CC}.ChromeExtension|iPhoneSimulator.ActiveCfg = Release|Any CPU
		{BADCBBA2-4420-4E8E-8068-921BC2A7A2CC}.ChromeExtension|iPhoneSimulator.Build.0 = Release|Any CPU
		{BADCBBA2-4420-4E8E-8068-921BC2A7A2CC}.ChromeExtension|x64.ActiveCfg = Release|Any CPU
		{BADCBBA2-4420-4E8E-8068-921BC2A7A2CC}.ChromeExtension|x64.Build.0 = Release|Any CPU
		{BADCBBA2-4420-4E8E-8068-921BC2A7A2CC}.ChromeExtension|x86.ActiveCfg = Release|Any CPU
		{BADCBBA2-4420-4E8E-8068-921BC2A7A2CC}.ChromeExtension|x86.Build.0 = Release|Any CPU
		{BADCBBA2-4420-4E8E-8068-921BC2A7A2CC}.Debug|Any CPU.ActiveCfg = Debug|Any CPU
		{BADCBBA2-4420-4E8E-8068-921BC2A7A2CC}.Debug|Any CPU.Build.0 = Debug|Any CPU
		{BADCBBA2-4420-4E8E-8068-921BC2A7A2CC}.Debug|ARM.ActiveCfg = Debug|Any CPU
		{BADCBBA2-4420-4E8E-8068-921BC2A7A2CC}.Debug|ARM.Build.0 = Debug|Any CPU
		{BADCBBA2-4420-4E8E-8068-921BC2A7A2CC}.Debug|iPhone.ActiveCfg = Debug|Any CPU
		{BADCBBA2-4420-4E8E-8068-921BC2A7A2CC}.Debug|iPhone.Build.0 = Debug|Any CPU
		{BADCBBA2-4420-4E8E-8068-921BC2A7A2CC}.Debug|iPhoneSimulator.ActiveCfg = Debug|Any CPU
		{BADCBBA2-4420-4E8E-8068-921BC2A7A2CC}.Debug|iPhoneSimulator.Build.0 = Debug|Any CPU
		{BADCBBA2-4420-4E8E-8068-921BC2A7A2CC}.Debug|x64.ActiveCfg = Debug|Any CPU
		{BADCBBA2-4420-4E8E-8068-921BC2A7A2CC}.Debug|x64.Build.0 = Debug|Any CPU
		{BADCBBA2-4420-4E8E-8068-921BC2A7A2CC}.Debug|x86.ActiveCfg = Debug|Any CPU
		{BADCBBA2-4420-4E8E-8068-921BC2A7A2CC}.Debug|x86.Build.0 = Debug|Any CPU
		{BADCBBA2-4420-4E8E-8068-921BC2A7A2CC}.Development|Any CPU.ActiveCfg = Debug|Any CPU
		{BADCBBA2-4420-4E8E-8068-921BC2A7A2CC}.Development|Any CPU.Build.0 = Debug|Any CPU
		{BADCBBA2-4420-4E8E-8068-921BC2A7A2CC}.Development|ARM.ActiveCfg = Debug|Any CPU
		{BADCBBA2-4420-4E8E-8068-921BC2A7A2CC}.Development|ARM.Build.0 = Debug|Any CPU
		{BADCBBA2-4420-4E8E-8068-921BC2A7A2CC}.Development|iPhone.ActiveCfg = Debug|Any CPU
		{BADCBBA2-4420-4E8E-8068-921BC2A7A2CC}.Development|iPhone.Build.0 = Debug|Any CPU
		{BADCBBA2-4420-4E8E-8068-921BC2A7A2CC}.Development|iPhoneSimulator.ActiveCfg = Debug|Any CPU
		{BADCBBA2-4420-4E8E-8068-921BC2A7A2CC}.Development|iPhoneSimulator.Build.0 = Debug|Any CPU
		{BADCBBA2-4420-4E8E-8068-921BC2A7A2CC}.Development|x64.ActiveCfg = Debug|Any CPU
		{BADCBBA2-4420-4E8E-8068-921BC2A7A2CC}.Development|x64.Build.0 = Debug|Any CPU
		{BADCBBA2-4420-4E8E-8068-921BC2A7A2CC}.Development|x86.ActiveCfg = Debug|Any CPU
		{BADCBBA2-4420-4E8E-8068-921BC2A7A2CC}.Development|x86.Build.0 = Debug|Any CPU
		{BADCBBA2-4420-4E8E-8068-921BC2A7A2CC}.Release|Any CPU.ActiveCfg = Release|Any CPU
		{BADCBBA2-4420-4E8E-8068-921BC2A7A2CC}.Release|Any CPU.Build.0 = Release|Any CPU
		{BADCBBA2-4420-4E8E-8068-921BC2A7A2CC}.Release|ARM.ActiveCfg = Release|Any CPU
		{BADCBBA2-4420-4E8E-8068-921BC2A7A2CC}.Release|ARM.Build.0 = Release|Any CPU
		{BADCBBA2-4420-4E8E-8068-921BC2A7A2CC}.Release|iPhone.ActiveCfg = Release|Any CPU
		{BADCBBA2-4420-4E8E-8068-921BC2A7A2CC}.Release|iPhone.Build.0 = Release|Any CPU
		{BADCBBA2-4420-4E8E-8068-921BC2A7A2CC}.Release|iPhoneSimulator.ActiveCfg = Release|Any CPU
		{BADCBBA2-4420-4E8E-8068-921BC2A7A2CC}.Release|iPhoneSimulator.Build.0 = Release|Any CPU
		{BADCBBA2-4420-4E8E-8068-921BC2A7A2CC}.Release|x64.ActiveCfg = Release|Any CPU
		{BADCBBA2-4420-4E8E-8068-921BC2A7A2CC}.Release|x64.Build.0 = Release|Any CPU
		{BADCBBA2-4420-4E8E-8068-921BC2A7A2CC}.Release|x86.ActiveCfg = Release|Any CPU
		{BADCBBA2-4420-4E8E-8068-921BC2A7A2CC}.Release|x86.Build.0 = Release|Any CPU
	EndGlobalSection
	GlobalSection(SolutionProperties) = preSolution
		HideSolutionNode = FALSE
	EndGlobalSection
	GlobalSection(ExtensibilityGlobals) = postSolution
		SolutionGuid = {39422BF5-1199-4CA2-8D8B-1946ABD605F7}
	EndGlobalSection
EndGlobal
